
Microsoft Visual Studio Solution File, Format Version 12.00
# Visual Studio Version 16
VisualStudioVersion = 16.0.31402.337
MinimumVisualStudioVersion = 10.0.40219.1
Project("{FAE04EC0-301F-11D3-BF4B-00C04F79EFBC}") = "viginaire", "viginaire\viginaire.csproj", "{1E7499D5-A0E8-4E41-935D-536535CA8E19}"
EndProject
Global
	GlobalSection(SolutionConfigurationPlatforms) = preSolution
		Debug|Any CPU = Debug|Any CPU
		Release|Any CPU = Release|Any CPU
	EndGlobalSection
	GlobalSection(ProjectConfigurationPlatforms) = postSolution
		{1E7499D5-A0E8-4E41-935D-536535CA8E19}.Debug|Any CPU.ActiveCfg = Debug|Any CPU
		{1E7499D5-A0E8-4E41-935D-536535CA8E19}.Debug|Any CPU.Build.0 = Debug|Any CPU
		{1E7499D5-A0E8-4E41-935D-536535CA8E19}.Release|Any CPU.ActiveCfg = Release|Any CPU
		{1E7499D5-A0E8-4E41-935D-536535CA8E19}.Release|Any CPU.Build.0 = Release|Any CPU
	EndGlobalSection
	GlobalSection(SolutionProperties) = preSolution
		HideSolutionNode = FALSE
	EndGlobalSection
	GlobalSection(ExtensibilityGlobals) = postSolution
		SolutionGuid = {EF7302F4-8E54-493D-AF62-96EE6411378F}
	EndGlobalSection
EndGlobal
